
Microsoft Visual Studio Solution File, Format Version 12.00
# Visual Studio Version 16
VisualStudioVersion = 16.0.32228.343
MinimumVisualStudioVersion = 10.0.40219.1
Project("{FAE04EC0-301F-11D3-BF4B-00C04F79EFBC}") = "Lab 4", "Lab 4\Lab 4.csproj", "{43057ABD-795B-4574-B287-E2486C6FAA1F}"
EndProject
Global
	GlobalSection(SolutionConfigurationPlatforms) = preSolution
		Debug|Any CPU = Debug|Any CPU
		Release|Any CPU = Release|Any CPU
	EndGlobalSection
	GlobalSection(ProjectConfigurationPlatforms) = postSolution
		{43057ABD-795B-4574-B287-E2486C6FAA1F}.Debug|Any CPU.ActiveCfg = Debug|Any CPU
		{43057ABD-795B-4574-B287-E2486C6FAA1F}.Debug|Any CPU.Build.0 = Debug|Any CPU
		{43057ABD-795B-4574-B287-E2486C6FAA1F}.Release|Any CPU.ActiveCfg = Release|Any CPU
		{43057ABD-795B-4574-B287-E2486C6FAA1F}.Release|Any CPU.Build.0 = Release|Any CPU
	EndGlobalSection
	GlobalSection(SolutionProperties) = preSolution
		HideSolutionNode = FALSE
	EndGlobalSection
	GlobalSection(ExtensibilityGlobals) = postSolution
		SolutionGuid = {6C413574-A357-4329-954D-A4CA86BB6A47}
	EndGlobalSection
EndGlobal
