
Microsoft Visual Studio Solution File, Format Version 12.00
# Visual Studio Version 16
VisualStudioVersion = 16.0.31624.102
MinimumVisualStudioVersion = 10.0.40219.1
Project("{FAE04EC0-301F-11D3-BF4B-00C04F79EFBC}") = "Lab2", "Lab2\Lab2.csproj", "{D50EA37A-21F7-4870-A3F5-2EFADEA56302}"
EndProject
Global
	GlobalSection(SolutionConfigurationPlatforms) = preSolution
		Debug|Any CPU = Debug|Any CPU
		Release|Any CPU = Release|Any CPU
	EndGlobalSection
	GlobalSection(ProjectConfigurationPlatforms) = postSolution
		{D50EA37A-21F7-4870-A3F5-2EFADEA56302}.Debug|Any CPU.ActiveCfg = Debug|Any CPU
		{D50EA37A-21F7-4870-A3F5-2EFADEA56302}.Debug|Any CPU.Build.0 = Debug|Any CPU
		{D50EA37A-21F7-4870-A3F5-2EFADEA56302}.Release|Any CPU.ActiveCfg = Release|Any CPU
		{D50EA37A-21F7-4870-A3F5-2EFADEA56302}.Release|Any CPU.Build.0 = Release|Any CPU
	EndGlobalSection
	GlobalSection(SolutionProperties) = preSolution
		HideSolutionNode = FALSE
	EndGlobalSection
	GlobalSection(ExtensibilityGlobals) = postSolution
		SolutionGuid = {045B869F-D2B1-469F-87D2-9E7C0C38664F}
	EndGlobalSection
EndGlobal
