
Microsoft Visual Studio Solution File, Format Version 12.00
# Visual Studio Version 16
VisualStudioVersion = 16.0.31624.102
MinimumVisualStudioVersion = 10.0.40219.1
Project("{FAE04EC0-301F-11D3-BF4B-00C04F79EFBC}") = "Lab3", "Lab3\Lab3.csproj", "{5098B115-9854-4B97-B999-5F921957F0AE}"
EndProject
Global
	GlobalSection(SolutionConfigurationPlatforms) = preSolution
		Debug|Any CPU = Debug|Any CPU
		Release|Any CPU = Release|Any CPU
	EndGlobalSection
	GlobalSection(ProjectConfigurationPlatforms) = postSolution
		{5098B115-9854-4B97-B999-5F921957F0AE}.Debug|Any CPU.ActiveCfg = Debug|Any CPU
		{5098B115-9854-4B97-B999-5F921957F0AE}.Debug|Any CPU.Build.0 = Debug|Any CPU
		{5098B115-9854-4B97-B999-5F921957F0AE}.Release|Any CPU.ActiveCfg = Release|Any CPU
		{5098B115-9854-4B97-B999-5F921957F0AE}.Release|Any CPU.Build.0 = Release|Any CPU
	EndGlobalSection
	GlobalSection(SolutionProperties) = preSolution
		HideSolutionNode = FALSE
	EndGlobalSection
	GlobalSection(ExtensibilityGlobals) = postSolution
		SolutionGuid = {5F23BA1A-5991-4786-857C-6234278A9B5D}
	EndGlobalSection
EndGlobal
